
Microsoft Visual Studio Solution File, Format Version 12.00
# Visual Studio 15
VisualStudioVersion = 15.0.28010.0
MinimumVisualStudioVersion = 10.0.40219.1
Project("{FAE04EC0-301F-11D3-BF4B-00C04F79EFBC}") = "WarehouseTrailerInspectionDLL", "WarehouseTrailerInspectionDLL\WarehouseTrailerInspectionDLL.csproj", "{B6D17B09-04A1-4E2D-A4A5-689D7A047EA0}"
EndProject
Global
	GlobalSection(SolutionConfigurationPlatforms) = preSolution
		Debug|Any CPU = Debug|Any CPU
		Release|Any CPU = Release|Any CPU
	EndGlobalSection
	GlobalSection(ProjectConfigurationPlatforms) = postSolution
		{B6D17B09-04A1-4E2D-A4A5-689D7A047EA0}.Debug|Any CPU.ActiveCfg = Debug|Any CPU
		{B6D17B09-04A1-4E2D-A4A5-689D7A047EA0}.Debug|Any CPU.Build.0 = Debug|Any CPU
		{B6D17B09-04A1-4E2D-A4A5-689D7A047EA0}.Release|Any CPU.ActiveCfg = Release|Any CPU
		{B6D17B09-04A1-4E2D-A4A5-689D7A047EA0}.Release|Any CPU.Build.0 = Release|Any CPU
	EndGlobalSection
	GlobalSection(SolutionProperties) = preSolution
		HideSolutionNode = FALSE
	EndGlobalSection
	GlobalSection(ExtensibilityGlobals) = postSolution
		SolutionGuid = {62031851-B731-4699-BFCA-C9A7C0ACD234}
	EndGlobalSection
EndGlobal
